// !$*UTF8*$!
{
	archiveVersion = 1;
	classes = {
	};
	objectVersion = 50;
	objects = {

/* Begin PBXBuildFile section */
		3CD6189D2693CEC5001D808B /* AppDelegate.swift in Sources */ = {isa = PBXBuildFile; fileRef = 3CD6189C2693CEC5001D808B /* AppDelegate.swift */; };
		3CD6189F2693CEC5001D808B /* SceneDelegate.swift in Sources */ = {isa = PBXBuildFile; fileRef = 3CD6189E2693CEC5001D808B /* SceneDelegate.swift */; };
		3CD618A12693CEC5001D808B /* RedViewController.swift in Sources */ = {isa = PBXBuildFile; fileRef = 3CD618A02693CEC5001D808B /* RedViewController.swift */; };
		3CD618A42693CEC5001D808B /* Main.storyboard in Resources */ = {isa = PBXBuildFile; fileRef = 3CD618A22693CEC5001D808B /* Main.storyboard */; };
		3CD618A72693CEC5001D808B /* RainbowTab.xcdatamodeld in Sources */ = {isa = PBXBuildFile; fileRef = 3CD618A52693CEC5001D808B /* RainbowTab.xcdatamodeld */; };
		3CD618A92693CEC6001D808B /* Assets.xcassets in Resources */ = {isa = PBXBuildFile; fileRef = 3CD618A82693CEC6001D808B /* Assets.xcassets */; };
		3CD618AC2693CEC6001D808B /* LaunchScreen.storyboard in Resources */ = {isa = PBXBuildFile; fileRef = 3CD618AA2693CEC6001D808B /* LaunchScreen.storyboard */; };
		3CD618B72693CEC6001D808B /* RainbowTabTests.swift in Sources */ = {isa = PBXBuildFile; fileRef = 3CD618B62693CEC6001D808B /* RainbowTabTests.swift */; };
		3CD618C22693CEC6001D808B /* RainbowTabUITests.swift in Sources */ = {isa = PBXBuildFile; fileRef = 3CD618C12693CEC6001D808B /* RainbowTabUITests.swift */; };
/* End PBXBuildFile section */

/* Begin PBXContainerItemProxy section */
		3CD618B32693CEC6001D808B /* PBXContainerItemProxy */ = {
			isa = PBXContainerItemProxy;
			containerPortal = 3CD618912693CEC5001D808B /* Project object */;
			proxyType = 1;
			remoteGlobalIDString = 3CD618982693CEC5001D808B;
			remoteInfo = RainbowTab;
		};
		3CD618BE2693CEC6001D808B /* PBXContainerItemProxy */ = {
			isa = PBXContainerItemProxy;
			containerPortal = 3CD618912693CEC5001D808B /* Project object */;
			proxyType = 1;
			remoteGlobalIDString = 3CD618982693CEC5001D808B;
			remoteInfo = RainbowTab;
		};
/* End PBXContainerItemProxy section */

/* Begin PBXFileReference section */
		3CD618992693CEC5001D808B /* RainbowTab.app */ = {isa = PBXFileReference; explicitFileType = wrapper.application; includeInIndex = 0; path = RainbowTab.app; sourceTree = BUILT_PRODUCTS_DIR; };
		3CD6189C2693CEC5001D808B /* AppDelegate.swift */ = {isa = PBXFileReference; lastKnownFileType = sourcecode.swift; path = AppDelegate.swift; sourceTree = "<group>"; };
		3CD6189E2693CEC5001D808B /* SceneDelegate.swift */ = {isa = PBXFileReference; lastKnownFileType = sourcecode.swift; path = SceneDelegate.swift; sourceTree = "<group>"; };
		3CD618A02693CEC5001D808B /* RedViewController.swift */ = {isa = PBXFileReference; lastKnownFileType = sourcecode.swift; path = RedViewController.swift; sourceTree = "<group>"; };
		3CD618A32693CEC5001D808B /* Base */ = {isa = PBXFileReference; lastKnownFileType = file.storyboard; name = Base; path = Base.lproj/Main.storyboard; sourceTree = "<group>"; };
		3CD618A62693CEC5001D808B /* RainbowTab.xcdatamodel */ = {isa = PBXFileReference; lastKnownFileType = wrapper.xcdatamodel; path = RainbowTab.xcdatamodel; sourceTree = "<group>"; };
		3CD618A82693CEC6001D808B /* Assets.xcassets */ = {isa = PBXFileReference; lastKnownFileType = folder.assetcatalog; path = Assets.xcassets; sourceTree = "<group>"; };
		3CD618AB2693CEC6001D808B /* Base */ = {isa = PBXFileReference; lastKnownFileType = file.storyboard; name = Base; path = Base.lproj/LaunchScreen.storyboard; sourceTree = "<group>"; };
		3CD618AD2693CEC6001D808B /* Info.plist */ = {isa = PBXFileReference; lastKnownFileType = text.plist.xml; path = Info.plist; sourceTree = "<group>"; };
		3CD618B22693CEC6001D808B /* RainbowTabTests.xctest */ = {isa = PBXFileReference; explicitFileType = wrapper.cfbundle; includeInIndex = 0; path = RainbowTabTests.xctest; sourceTree = BUILT_PRODUCTS_DIR; };
		3CD618B62693CEC6001D808B /* RainbowTabTests.swift */ = {isa = PBXFileReference; lastKnownFileType = sourcecode.swift; path = RainbowTabTests.swift; sourceTree = "<group>"; };
		3CD618B82693CEC6001D808B /* Info.plist */ = {isa = PBXFileReference; lastKnownFileType = text.plist.xml; path = Info.plist; sourceTree = "<group>"; };
		3CD618BD2693CEC6001D808B /* RainbowTabUITests.xctest */ = {isa = PBXFileReference; explicitFileType = wrapper.cfbundle; includeInIndex = 0; path = RainbowTabUITests.xctest; sourceTree = BUILT_PRODUCTS_DIR; };
		3CD618C12693CEC6001D808B /* RainbowTabUITests.swift */ = {isa = PBXFileReference; lastKnownFileType = sourcecode.swift; path = RainbowTabUITests.swift; sourceTree = "<group>"; };
		3CD618C32693CEC6001D808B /* Info.plist */ = {isa = PBXFileReference; lastKnownFileType = text.plist.xml; path = Info.plist; sourceTree = "<group>"; };
/* End PBXFileReference section */

/* Begin PBXFrameworksBuildPhase section */
		3CD618962693CEC5001D808B /* Frameworks */ = {
			isa = PBXFrameworksBuildPhase;
			buildActionMask = 2147483647;
			files = (
			);
			runOnlyForDeploymentPostprocessing = 0;
		};
		3CD618AF2693CEC6001D808B /* Frameworks */ = {
			isa = PBXFrameworksBuildPhase;
			buildActionMask = 2147483647;
			files = (
			);
			runOnlyForDeploymentPostprocessing = 0;
		};
		3CD618BA2693CEC6001D808B /* Frameworks */ = {
			isa = PBXFrameworksBuildPhase;
			buildActionMask = 2147483647;
			files = (
			);
			runOnlyForDeploymentPostprocessing = 0;
		};
/* End PBXFrameworksBuildPhase section */

/* Begin PBXGroup section */
		3CD618902693CEC5001D808B = {
			isa = PBXGroup;
			children = (
				3CD6189B2693CEC5001D808B /* RainbowTab */,
				3CD618B52693CEC6001D808B /* RainbowTabTests */,
				3CD618C02693CEC6001D808B /* RainbowTabUITests */,
				3CD6189A2693CEC5001D808B /* Products */,
			);
			sourceTree = "<group>";
		};
		3CD6189A2693CEC5001D808B /* Products */ = {
			isa = PBXGroup;
			children = (
				3CD618992693CEC5001D808B /* RainbowTab.app */,
				3CD618B22693CEC6001D808B /* RainbowTabTests.xctest */,
				3CD618BD2693CEC6001D808B /* RainbowTabUITests.xctest */,
			);
			name = Products;
			sourceTree = "<group>";
		};
		3CD6189B2693CEC5001D808B /* RainbowTab */ = {
			isa = PBXGroup;
			children = (
				3CD6189C2693CEC5001D808B /* AppDelegate.swift */,
				3CD6189E2693CEC5001D808B /* SceneDelegate.swift */,
				3CD618A02693CEC5001D808B /* RedViewController.swift */,
				3CD618A22693CEC5001D808B /* Main.storyboard */,
				3CD618A82693CEC6001D808B /* Assets.xcassets */,
				3CD618AA2693CEC6001D808B /* LaunchScreen.storyboard */,
				3CD618AD2693CEC6001D808B /* Info.plist */,
				3CD618A52693CEC5001D808B /* RainbowTab.xcdatamodeld */,
			);
			path = RainbowTab;
			sourceTree = "<group>";
		};
		3CD618B52693CEC6001D808B /* RainbowTabTests */ = {
			isa = PBXGroup;
			children = (
				3CD618B62693CEC6001D808B /* RainbowTabTests.swift */,
				3CD618B82693CEC6001D808B /* Info.plist */,
			);
			path = RainbowTabTests;
			sourceTree = "<group>";
		};
		3CD618C02693CEC6001D808B /* RainbowTabUITests */ = {
			isa = PBXGroup;
			children = (
				3CD618C12693CEC6001D808B /* RainbowTabUITests.swift */,
				3CD618C32693CEC6001D808B /* Info.plist */,
			);
			path = RainbowTabUITests;
			sourceTree = "<group>";
		};
/* End PBXGroup section */

/* Begin PBXNativeTarget section */
		3CD618982693CEC5001D808B /* RainbowTab */ = {
			isa = PBXNativeTarget;
			buildConfigurationList = 3CD618C62693CEC6001D808B /* Build configuration list for PBXNativeTarget "RainbowTab" */;
			buildPhases = (
				3CD618952693CEC5001D808B /* Sources */,
				3CD618962693CEC5001D808B /* Frameworks */,
				3CD618972693CEC5001D808B /* Resources */,
			);
			buildRules = (
			);
			dependencies = (
			);
			name = RainbowTab;
			productName = RainbowTab;
			productReference = 3CD618992693CEC5001D808B /* RainbowTab.app */;
			productType = "com.apple.product-type.application";
		};
		3CD618B12693CEC6001D808B /* RainbowTabTests */ = {
			isa = PBXNativeTarget;
			buildConfigurationList = 3CD618C92693CEC6001D808B /* Build configuration list for PBXNativeTarget "RainbowTabTests" */;
			buildPhases = (
				3CD618AE2693CEC6001D808B /* Sources */,
				3CD618AF2693CEC6001D808B /* Frameworks */,
				3CD618B02693CEC6001D808B /* Resources */,
			);
			buildRules = (
			);
			dependencies = (
				3CD618B42693CEC6001D808B /* PBXTargetDependency */,
			);
			name = RainbowTabTests;
			productName = RainbowTabTests;
			productReference = 3CD618B22693CEC6001D808B /* RainbowTabTests.xctest */;
			productType = "com.apple.product-type.bundle.unit-test";
		};
		3CD618BC2693CEC6001D808B /* RainbowTabUITests */ = {
			isa = PBXNativeTarget;
			buildConfigurationList = 3CD618CC2693CEC6001D808B /* Build configuration list for PBXNativeTarget "RainbowTabUITests" */;
			buildPhases = (
				3CD618B92693CEC6001D808B /* Sources */,
				3CD618BA2693CEC6001D808B /* Frameworks */,
				3CD618BB2693CEC6001D808B /* Resources */,
			);
			buildRules = (
			);
			dependencies = (
				3CD618BF2693CEC6001D808B /* PBXTargetDependency */,
			);
			name = RainbowTabUITests;
			productName = RainbowTabUITests;
			productReference = 3CD618BD2693CEC6001D808B /* RainbowTabUITests.xctest */;
			productType = "com.apple.product-type.bundle.ui-testing";
		};
/* End PBXNativeTarget section */

/* Begin PBXProject section */
		3CD618912693CEC5001D808B /* Project object */ = {
			isa = PBXProject;
			attributes = {
				LastSwiftUpdateCheck = 1250;
				LastUpgradeCheck = 1250;
				TargetAttributes = {
					3CD618982693CEC5001D808B = {
						CreatedOnToolsVersion = 12.5;
					};
					3CD618B12693CEC6001D808B = {
						CreatedOnToolsVersion = 12.5;
						TestTargetID = 3CD618982693CEC5001D808B;
					};
					3CD618BC2693CEC6001D808B = {
						CreatedOnToolsVersion = 12.5;
						TestTargetID = 3CD618982693CEC5001D808B;
					};
				};
			};
			buildConfigurationList = 3CD618942693CEC5001D808B /* Build configuration list for PBXProject "RainbowTab" */;
			compatibilityVersion = "Xcode 9.3";
			developmentRegion = en;
			hasScannedForEncodings = 0;
			knownRegions = (
				en,
				Base,
			);
			mainGroup = 3CD618902693CEC5001D808B;
			productRefGroup = 3CD6189A2693CEC5001D808B /* Products */;
			projectDirPath = "";
			projectRoot = "";
			targets = (
				3CD618982693CEC5001D808B /* RainbowTab */,
				3CD618B12693CEC6001D808B /* RainbowTabTests */,
				3CD618BC2693CEC6001D808B /* RainbowTabUITests */,
			);
		};
/* End PBXProject section */

/* Begin PBXResourcesBuildPhase section */
		3CD618972693CEC5001D808B /* Resources */ = {
			isa = PBXResourcesBuildPhase;
			buildActionMask = 2147483647;
			files = (
				3CD618AC2693CEC6001D808B /* LaunchScreen.storyboard in Resources */,
				3CD618A92693CEC6001D808B /* Assets.xcassets in Resources */,
				3CD618A42693CEC5001D808B /* Main.storyboard in Resources */,
			);
			runOnlyForDeploymentPostprocessing = 0;
		};
		3CD618B02693CEC6001D808B /* Resources */ = {
			isa = PBXResourcesBuildPhase;
			buildActionMask = 2147483647;
			files = (
			);
			runOnlyForDeploymentPostprocessing = 0;
		};
		3CD618BB2693CEC6001D808B /* Resources */ = {
			isa = PBXResourcesBuildPhase;
			buildActionMask = 2147483647;
			files = (
			);
			runOnlyForDeploymentPostprocessing = 0;
		};
/* End PBXResourcesBuildPhase section */

/* Begin PBXSourcesBuildPhase section */
		3CD618952693CEC5001D808B /* Sources */ = {
			isa = PBXSourcesBuildPhase;
			buildActionMask = 2147483647;
			files = (
				3CD618A72693CEC5001D808B /* RainbowTab.xcdatamodeld in Sources */,
				3CD618A12693CEC5001D808B /* RedViewController.swift in Sources */,
				3CD6189D2693CEC5001D808B /* AppDelegate.swift in Sources */,
				3CD6189F2693CEC5001D808B /* SceneDelegate.swift in Sources */,
			);
			runOnlyForDeploymentPostprocessing = 0;
		};
		3CD618AE2693CEC6001D808B /* Sources */ = {
			isa = PBXSourcesBuildPhase;
			buildActionMask = 2147483647;
			files = (
				3CD618B72693CEC6001D808B /* RainbowTabTests.swift in Sources */,
			);
			runOnlyForDeploymentPostprocessing = 0;
		};
		3CD618B92693CEC6001D808B /* Sources */ = {
			isa = PBXSourcesBuildPhase;
			buildActionMask = 2147483647;
			files = (
				3CD618C22693CEC6001D808B /* RainbowTabUITests.swift in Sources */,
			);
			runOnlyForDeploymentPostprocessing = 0;
		};
/* End PBXSourcesBuildPhase section */

/* Begin PBXTargetDependency section */
		3CD618B42693CEC6001D808B /* PBXTargetDependency */ = {
			isa = PBXTargetDependency;
			target = 3CD618982693CEC5001D808B /* RainbowTab */;
			targetProxy = 3CD618B32693CEC6001D808B /* PBXContainerItemProxy */;
		};
		3CD618BF2693CEC6001D808B /* PBXTargetDependency */ = {
			isa = PBXTargetDependency;
			target = 3CD618982693CEC5001D808B /* RainbowTab */;
			targetProxy = 3CD618BE2693CEC6001D808B /* PBXContainerItemProxy */;
		};
/* End PBXTargetDependency section */

/* Begin PBXVariantGroup section */
		3CD618A22693CEC5001D808B /* Main.storyboard */ = {
			isa = PBXVariantGroup;
			children = (
				3CD618A32693CEC5001D808B /* Base */,
			);
			name = Main.storyboard;
			sourceTree = "<group>";
		};
		3CD618AA2693CEC6001D808B /* LaunchScreen.storyboard */ = {
			isa = PBXVariantGroup;
			children = (
				3CD618AB2693CEC6001D808B /* Base */,
			);
			name = LaunchScreen.storyboard;
			sourceTree = "<group>";
		};
/* End PBXVariantGroup section */

/* Begin XCBuildConfiguration section */
		3CD618C42693CEC6001D808B /* Debug */ = {
			isa = XCBuildConfiguration;
			buildSettings = {
				ALWAYS_SEARCH_USER_PATHS = NO;
				CLANG_ANALYZER_NONNULL = YES;
				CLANG_ANALYZER_NUMBER_OBJECT_CONVERSION = YES_AGGRESSIVE;
				CLANG_CXX_LANGUAGE_STANDARD = "gnu++14";
				CLANG_CXX_LIBRARY = "libc++";
				CLANG_ENABLE_MODULES = YES;
				CLANG_ENABLE_OBJC_ARC = YES;
				CLANG_ENABLE_OBJC_WEAK = YES;
				CLANG_WARN_BLOCK_CAPTURE_AUTORELEASING = YES;
				CLANG_WARN_BOOL_CONVERSION = YES;
				CLANG_WARN_COMMA = YES;
				CLANG_WARN_CONSTANT_CONVERSION = YES;
				CLANG_WARN_DEPRECATED_OBJC_IMPLEMENTATIONS = YES;
				CLANG_WARN_DIRECT_OBJC_ISA_USAGE = YES_ERROR;
				CLANG_WARN_DOCUMENTATION_COMMENTS = YES;
				CLANG_WARN_EMPTY_BODY = YES;
				CLANG_WARN_ENUM_CONVERSION = YES;
				CLANG_WARN_INFINITE_RECURSION = YES;
				CLANG_WARN_INT_CONVERSION = YES;
				CLANG_WARN_NON_LITERAL_NULL_CONVERSION = YES;
				CLANG_WARN_OBJC_IMPLICIT_RETAIN_SELF = YES;
				CLANG_WARN_OBJC_LITERAL_CONVERSION = YES;
				CLANG_WARN_OBJC_ROOT_CLASS = YES_ERROR;
				CLANG_WARN_QUOTED_INCLUDE_IN_FRAMEWORK_HEADER = YES;
				CLANG_WARN_RANGE_LOOP_ANALYSIS = YES;
				CLANG_WARN_STRICT_PROTOTYPES = YES;
				CLANG_WARN_SUSPICIOUS_MOVE = YES;
				CLANG_WARN_UNGUARDED_AVAILABILITY = YES_AGGRESSIVE;
				CLANG_WARN_UNREACHABLE_CODE = YES;
				CLANG_WARN__DUPLICATE_METHOD_MATCH = YES;
				COPY_PHASE_STRIP = NO;
				DEBUG_INFORMATION_FORMAT = dwarf;
				ENABLE_STRICT_OBJC_MSGSEND = YES;
				ENABLE_TESTABILITY = YES;
				GCC_C_LANGUAGE_STANDARD = gnu11;
				GCC_DYNAMIC_NO_PIC = NO;
				GCC_NO_COMMON_BLOCKS = YES;
				GCC_OPTIMIZATION_LEVEL = 0;
				GCC_PREPROCESSOR_DEFINITIONS = (
					"DEBUG=1",
					"$(inherited)",
				);
				GCC_WARN_64_TO_32_BIT_CONVERSION = YES;
				GCC_WARN_ABOUT_RETURN_TYPE = YES_ERROR;
				GCC_WARN_UNDECLARED_SELECTOR = YES;
				GCC_WARN_UNINITIALIZED_AUTOS = YES_AGGRESSIVE;
				GCC_WARN_UNUSED_FUNCTION = YES;
				GCC_WARN_UNUSED_VARIABLE = YES;
				IPHONEOS_DEPLOYMENT_TARGET = 14.5;
				MTL_ENABLE_DEBUG_INFO = INCLUDE_SOURCE;
				MTL_FAST_MATH = YES;
				ONLY_ACTIVE_ARCH = YES;
				SDKROOT = iphoneos;
				SWIFT_ACTIVE_COMPILATION_CONDITIONS = DEBUG;
				SWIFT_OPTIMIZATION_LEVEL = "-Onone";
			};
			name = Debug;
		};
		3CD618C52693CEC6001D808B /* Release */ = {
			isa = XCBuildConfiguration;
			buildSettings = {
				ALWAYS_SEARCH_USER_PATHS = NO;
				CLANG_ANALYZER_NONNULL = YES;
				CLANG_ANALYZER_NUMBER_OBJECT_CONVERSION = YES_AGGRESSIVE;
				CLANG_CXX_LANGUAGE_STANDARD = "gnu++14";
				CLANG_CXX_LIBRARY = "libc++";
				CLANG_ENABLE_MODULES = YES;
				CLANG_ENABLE_OBJC_ARC = YES;
				CLANG_ENABLE_OBJC_WEAK = YES;
				CLANG_WARN_BLOCK_CAPTURE_AUTORELEASING = YES;
				CLANG_WARN_BOOL_CONVERSION = YES;
				CLANG_WARN_COMMA = YES;
				CLANG_WARN_CONSTANT_CONVERSION = YES;
				CLANG_WARN_DEPRECATED_OBJC_IMPLEMENTATIONS = YES;
				CLANG_WARN_DIRECT_OBJC_ISA_USAGE = YES_ERROR;
				CLANG_WARN_DOCUMENTATION_COMMENTS = YES;
				CLANG_WARN_EMPTY_BODY = YES;
				CLANG_WARN_ENUM_CONVERSION = YES;
				CLANG_WARN_INFINITE_RECURSION = YES;
				CLANG_WARN_INT_CONVERSION = YES;
				CLANG_WARN_NON_LITERAL_NULL_CONVERSION = YES;
				CLANG_WARN_OBJC_IMPLICIT_RETAIN_SELF = YES;
				CLANG_WARN_OBJC_LITERAL_CONVERSION = YES;
				CLANG_WARN_OBJC_ROOT_CLASS = YES_ERROR;
				CLANG_WARN_QUOTED_INCLUDE_IN_FRAMEWORK_HEADER = YES;
				CLANG_WARN_RANGE_LOOP_ANALYSIS = YES;
				CLANG_WARN_STRICT_PROTOTYPES = YES;
				CLANG_WARN_SUSPICIOUS_MOVE = YES;
				CLANG_WARN_UNGUARDED_AVAILABILITY = YES_AGGRESSIVE;
				CLANG_WARN_UNREACHABLE_CODE = YES;
				CLANG_WARN__DUPLICATE_METHOD_MATCH = YES;
				COPY_PHASE_STRIP = NO;
				DEBUG_INFORMATION_FORMAT = "dwarf-with-dsym";
				ENABLE_NS_ASSERTIONS = NO;
				ENABLE_STRICT_OBJC_MSGSEND = YES;
				GCC_C_LANGUAGE_STANDARD = gnu11;
				GCC_NO_COMMON_BLOCKS = YES;
				GCC_WARN_64_TO_32_BIT_CONVERSION = YES;
				GCC_WARN_ABOUT_RETURN_TYPE = YES_ERROR;
				GCC_WARN_UNDECLARED_SELECTOR = YES;
				GCC_WARN_UNINITIALIZED_AUTOS = YES_AGGRESSIVE;
				GCC_WARN_UNUSED_FUNCTION = YES;
				GCC_WARN_UNUSED_VARIABLE = YES;
				IPHONEOS_DEPLOYMENT_TARGET = 14.5;
				MTL_ENABLE_DEBUG_INFO = NO;
				MTL_FAST_MATH = YES;
				SDKROOT = iphoneos;
				SWIFT_COMPILATION_MODE = wholemodule;
				SWIFT_OPTIMIZATION_LEVEL = "-O";
				VALIDATE_PRODUCT = YES;
			};
			name = Release;
		};
		3CD618C72693CEC6001D808B /* Debug */ = {
			isa = XCBuildConfiguration;
			buildSettings = {
				ASSETCATALOG_COMPILER_APPICON_NAME = AppIcon;
				ASSETCATALOG_COMPILER_GLOBAL_ACCENT_COLOR_NAME = AccentColor;
				CODE_SIGN_STYLE = Automatic;
				DEVELOPMENT_TEAM = 3XC9C6N3P4;
				INFOPLIST_FILE = RainbowTab/Info.plist;
				LD_RUNPATH_SEARCH_PATHS = (
					"$(inherited)",
					"@executable_path/Frameworks",
				);
				PRODUCT_BUNDLE_IDENTIFIER = sentilab.RainbowTab;
				PRODUCT_NAME = "$(TARGET_NAME)";
				SWIFT_VERSION = 5.0;
				TARGETED_DEVICE_FAMILY = "1,2";
			};
			name = Debug;
		};
		3CD618C82693CEC6001D808B /* Release */ = {
			isa = XCBuildConfiguration;
			buildSettings = {
				ASSETCATALOG_COMPILER_APPICON_NAME = AppIcon;
				ASSETCATALOG_COMPILER_GLOBAL_ACCENT_COLOR_NAME = AccentColor;
				CODE_SIGN_STYLE = Automatic;
				DEVELOPMENT_TEAM = 3XC9C6N3P4;
				INFOPLIST_FILE = RainbowTab/Info.plist;
				LD_RUNPATH_SEARCH_PATHS = (
					"$(inherited)",
					"@executable_path/Frameworks",
				);
				PRODUCT_BUNDLE_IDENTIFIER = sentilab.RainbowTab;
				PRODUCT_NAME = "$(TARGET_NAME)";
				SWIFT_VERSION = 5.0;
				TARGETED_DEVICE_FAMILY = "1,2";
			};
			name = Release;
		};
		3CD618CA2693CEC6001D808B /* Debug */ = {
			isa = XCBuildConfiguration;
			buildSettings = {
				ALWAYS_EMBED_SWIFT_STANDARD_LIBRARIES = YES;
				BUNDLE_LOADER = "$(TEST_HOST)";
				CODE_SIGN_STYLE = Automatic;
				DEVELOPMENT_TEAM = 3XC9C6N3P4;
				INFOPLIST_FILE = RainbowTabTests/Info.plist;
				IPHONEOS_DEPLOYMENT_TARGET = 14.5;
				LD_RUNPATH_SEARCH_PATHS = (
					"$(inherited)",
					"@executable_path/Frameworks",
					"@loader_path/Frameworks",
				);
				PRODUCT_BUNDLE_IDENTIFIER = sentilab.RainbowTabTests;
				PRODUCT_NAME = "$(TARGET_NAME)";
				SWIFT_VERSION = 5.0;
				TARGETED_DEVICE_FAMILY = "1,2";
				TEST_HOST = "$(BUILT_PRODUCTS_DIR)/RainbowTab.app/RainbowTab";
			};
			name = Debug;
		};
		3CD618CB2693CEC6001D808B /* Release */ = {
			isa = XCBuildConfiguration;
			buildSettings = {
				ALWAYS_EMBED_SWIFT_STANDARD_LIBRARIES = YES;
				BUNDLE_LOADER = "$(TEST_HOST)";
				CODE_SIGN_STYLE = Automatic;
				DEVELOPMENT_TEAM = 3XC9C6N3P4;
				INFOPLIST_FILE = RainbowTabTests/Info.plist;
				IPHONEOS_DEPLOYMENT_TARGET = 14.5;
				LD_RUNPATH_SEARCH_PATHS = (
					"$(inherited)",
					"@executable_path/Frameworks",
					"@loader_path/Frameworks",
				);
				PRODUCT_BUNDLE_IDENTIFIER = sentilab.RainbowTabTests;
				PRODUCT_NAME = "$(TARGET_NAME)";
				SWIFT_VERSION = 5.0;
				TARGETED_DEVICE_FAMILY = "1,2";
				TEST_HOST = "$(BUILT_PRODUCTS_DIR)/RainbowTab.app/RainbowTab";
			};
			name = Release;
		};
		3CD618CD2693CEC6001D808B /* Debug */ = {
			isa = XCBuildConfiguration;
			buildSettings = {
				ALWAYS_EMBED_SWIFT_STANDARD_LIBRARIES = YES;
				CODE_SIGN_STYLE = Automatic;
				DEVELOPMENT_TEAM = 3XC9C6N3P4;
				INFOPLIST_FILE = RainbowTabUITests/Info.plist;
				LD_RUNPATH_SEARCH_PATHS = (
					"$(inherited)",
					"@executable_path/Frameworks",
					"@loader_path/Frameworks",
				);
				PRODUCT_BUNDLE_IDENTIFIER = sentilab.RainbowTabUITests;
				PRODUCT_NAME = "$(TARGET_NAME)";
				SWIFT_VERSION = 5.0;
				TARGETED_DEVICE_FAMILY = "1,2";
				TEST_TARGET_NAME = RainbowTab;
			};
			name = Debug;
		};
		3CD618CE2693CEC6001D808B /* Release */ = {
			isa = XCBuildConfiguration;
			buildSettings = {
				ALWAYS_EMBED_SWIFT_STANDARD_LIBRARIES = YES;
				CODE_SIGN_STYLE = Automatic;
				DEVELOPMENT_TEAM = 3XC9C6N3P4;
				INFOPLIST_FILE = RainbowTabUITests/Info.plist;
				LD_RUNPATH_SEARCH_PATHS = (
					"$(inherited)",
					"@executable_path/Frameworks",
					"@loader_path/Frameworks",
				);
				PRODUCT_BUNDLE_IDENTIFIER = sentilab.RainbowTabUITests;
				PRODUCT_NAME = "$(TARGET_NAME)";
				SWIFT_VERSION = 5.0;
				TARGETED_DEVICE_FAMILY = "1,2";
				TEST_TARGET_NAME = RainbowTab;
			};
			name = Release;
		};
/* End XCBuildConfiguration section */

/* Begin XCConfigurationList section */
		3CD618942693CEC5001D808B /* Build configuration list for PBXProject "RainbowTab" */ = {
			isa = XCConfigurationList;
			buildConfigurations = (
				3CD618C42693CEC6001D808B /* Debug */,
				3CD618C52693CEC6001D808B /* Release */,
			);
			defaultConfigurationIsVisible = 0;
			defaultConfigurationName = Release;
		};
		3CD618C62693CEC6001D808B /* Build configuration list for PBXNativeTarget "RainbowTab" */ = {
			isa = XCConfigurationList;
			buildConfigurations = (
				3CD618C72693CEC6001D808B /* Debug */,
				3CD618C82693CEC6001D808B /* Release */,
			);
			defaultConfigurationIsVisible = 0;
			defaultConfigurationName = Release;
		};
		3CD618C92693CEC6001D808B /* Build configuration list for PBXNativeTarget "RainbowTabTests" */ = {
			isa = XCConfigurationList;
			buildConfigurations = (
				3CD618CA2693CEC6001D808B /* Debug */,
				3CD618CB2693CEC6001D808B /* Release */,
			);
			defaultConfigurationIsVisible = 0;
			defaultConfigurationName = Release;
		};
		3CD618CC2693CEC6001D808B /* Build configuration list for PBXNativeTarget "RainbowTabUITests" */ = {
			isa = XCConfigurationList;
			buildConfigurations = (
				3CD618CD2693CEC6001D808B /* Debug */,
				3CD618CE2693CEC6001D808B /* Release */,
			);
			defaultConfigurationIsVisible = 0;
			defaultConfigurationName = Release;
		};
/* End XCConfigurationList section */

/* Begin XCVersionGroup section */
		3CD618A52693CEC5001D808B /* RainbowTab.xcdatamodeld */ = {
			isa = XCVersionGroup;
			children = (
				3CD618A62693CEC5001D808B /* RainbowTab.xcdatamodel */,
			);
			currentVersion = 3CD618A62693CEC5001D808B /* RainbowTab.xcdatamodel */;
			path = RainbowTab.xcdatamodeld;
			sourceTree = "<group>";
			versionGroupType = wrapper.xcdatamodel;
		};
/* End XCVersionGroup section */
	};
	rootObject = 3CD618912693CEC5001D808B /* Project object */;
}
