// !$*UTF8*$!
{
	archiveVersion = 1;
	classes = {
	};
	objectVersion = 50;
	objects = {

/* Begin PBXBuildFile section */
		3CD6185E2693C9D3001D808B /* AppDelegate.swift in Sources */ = {isa = PBXBuildFile; fileRef = 3CD6185D2693C9D3001D808B /* AppDelegate.swift */; };
		3CD618602693C9D3001D808B /* SceneDelegate.swift in Sources */ = {isa = PBXBuildFile; fileRef = 3CD6185F2693C9D3001D808B /* SceneDelegate.swift */; };
		3CD618622693C9D3001D808B /* ViewController.swift in Sources */ = {isa = PBXBuildFile; fileRef = 3CD618612693C9D3001D808B /* ViewController.swift */; };
		3CD618652693C9D3001D808B /* Main.storyboard in Resources */ = {isa = PBXBuildFile; fileRef = 3CD618632693C9D3001D808B /* Main.storyboard */; };
		3CD618682693C9D3001D808B /* Login.xcdatamodeld in Sources */ = {isa = PBXBuildFile; fileRef = 3CD618662693C9D3001D808B /* Login.xcdatamodeld */; };
		3CD6186A2693C9D4001D808B /* Assets.xcassets in Resources */ = {isa = PBXBuildFile; fileRef = 3CD618692693C9D4001D808B /* Assets.xcassets */; };
		3CD6186D2693C9D4001D808B /* LaunchScreen.storyboard in Resources */ = {isa = PBXBuildFile; fileRef = 3CD6186B2693C9D4001D808B /* LaunchScreen.storyboard */; };
		3CD618782693C9D4001D808B /* LoginTests.swift in Sources */ = {isa = PBXBuildFile; fileRef = 3CD618772693C9D4001D808B /* LoginTests.swift */; };
		3CD618832693C9D4001D808B /* LoginUITests.swift in Sources */ = {isa = PBXBuildFile; fileRef = 3CD618822693C9D4001D808B /* LoginUITests.swift */; };
/* End PBXBuildFile section */

/* Begin PBXContainerItemProxy section */
		3CD618742693C9D4001D808B /* PBXContainerItemProxy */ = {
			isa = PBXContainerItemProxy;
			containerPortal = 3CD618522693C9D3001D808B /* Project object */;
			proxyType = 1;
			remoteGlobalIDString = 3CD618592693C9D3001D808B;
			remoteInfo = Login;
		};
		3CD6187F2693C9D4001D808B /* PBXContainerItemProxy */ = {
			isa = PBXContainerItemProxy;
			containerPortal = 3CD618522693C9D3001D808B /* Project object */;
			proxyType = 1;
			remoteGlobalIDString = 3CD618592693C9D3001D808B;
			remoteInfo = Login;
		};
/* End PBXContainerItemProxy section */

/* Begin PBXFileReference section */
		3CD6185A2693C9D3001D808B /* Login.app */ = {isa = PBXFileReference; explicitFileType = wrapper.application; includeInIndex = 0; path = Login.app; sourceTree = BUILT_PRODUCTS_DIR; };
		3CD6185D2693C9D3001D808B /* AppDelegate.swift */ = {isa = PBXFileReference; lastKnownFileType = sourcecode.swift; path = AppDelegate.swift; sourceTree = "<group>"; };
		3CD6185F2693C9D3001D808B /* SceneDelegate.swift */ = {isa = PBXFileReference; lastKnownFileType = sourcecode.swift; path = SceneDelegate.swift; sourceTree = "<group>"; };
		3CD618612693C9D3001D808B /* ViewController.swift */ = {isa = PBXFileReference; lastKnownFileType = sourcecode.swift; path = ViewController.swift; sourceTree = "<group>"; };
		3CD618642693C9D3001D808B /* Base */ = {isa = PBXFileReference; lastKnownFileType = file.storyboard; name = Base; path = Base.lproj/Main.storyboard; sourceTree = "<group>"; };
		3CD618672693C9D3001D808B /* Login.xcdatamodel */ = {isa = PBXFileReference; lastKnownFileType = wrapper.xcdatamodel; path = Login.xcdatamodel; sourceTree = "<group>"; };
		3CD618692693C9D4001D808B /* Assets.xcassets */ = {isa = PBXFileReference; lastKnownFileType = folder.assetcatalog; path = Assets.xcassets; sourceTree = "<group>"; };
		3CD6186C2693C9D4001D808B /* Base */ = {isa = PBXFileReference; lastKnownFileType = file.storyboard; name = Base; path = Base.lproj/LaunchScreen.storyboard; sourceTree = "<group>"; };
		3CD6186E2693C9D4001D808B /* Info.plist */ = {isa = PBXFileReference; lastKnownFileType = text.plist.xml; path = Info.plist; sourceTree = "<group>"; };
		3CD618732693C9D4001D808B /* LoginTests.xctest */ = {isa = PBXFileReference; explicitFileType = wrapper.cfbundle; includeInIndex = 0; path = LoginTests.xctest; sourceTree = BUILT_PRODUCTS_DIR; };
		3CD618772693C9D4001D808B /* LoginTests.swift */ = {isa = PBXFileReference; lastKnownFileType = sourcecode.swift; path = LoginTests.swift; sourceTree = "<group>"; };
		3CD618792693C9D4001D808B /* Info.plist */ = {isa = PBXFileReference; lastKnownFileType = text.plist.xml; path = Info.plist; sourceTree = "<group>"; };
		3CD6187E2693C9D4001D808B /* LoginUITests.xctest */ = {isa = PBXFileReference; explicitFileType = wrapper.cfbundle; includeInIndex = 0; path = LoginUITests.xctest; sourceTree = BUILT_PRODUCTS_DIR; };
		3CD618822693C9D4001D808B /* LoginUITests.swift */ = {isa = PBXFileReference; lastKnownFileType = sourcecode.swift; path = LoginUITests.swift; sourceTree = "<group>"; };
		3CD618842693C9D4001D808B /* Info.plist */ = {isa = PBXFileReference; lastKnownFileType = text.plist.xml; path = Info.plist; sourceTree = "<group>"; };
/* End PBXFileReference section */

/* Begin PBXFrameworksBuildPhase section */
		3CD618572693C9D3001D808B /* Frameworks */ = {
			isa = PBXFrameworksBuildPhase;
			buildActionMask = 2147483647;
			files = (
			);
			runOnlyForDeploymentPostprocessing = 0;
		};
		3CD618702693C9D4001D808B /* Frameworks */ = {
			isa = PBXFrameworksBuildPhase;
			buildActionMask = 2147483647;
			files = (
			);
			runOnlyForDeploymentPostprocessing = 0;
		};
		3CD6187B2693C9D4001D808B /* Frameworks */ = {
			isa = PBXFrameworksBuildPhase;
			buildActionMask = 2147483647;
			files = (
			);
			runOnlyForDeploymentPostprocessing = 0;
		};
/* End PBXFrameworksBuildPhase section */

/* Begin PBXGroup section */
		3CD618512693C9D3001D808B = {
			isa = PBXGroup;
			children = (
				3CD6185C2693C9D3001D808B /* Login */,
				3CD618762693C9D4001D808B /* LoginTests */,
				3CD618812693C9D4001D808B /* LoginUITests */,
				3CD6185B2693C9D3001D808B /* Products */,
			);
			sourceTree = "<group>";
		};
		3CD6185B2693C9D3001D808B /* Products */ = {
			isa = PBXGroup;
			children = (
				3CD6185A2693C9D3001D808B /* Login.app */,
				3CD618732693C9D4001D808B /* LoginTests.xctest */,
				3CD6187E2693C9D4001D808B /* LoginUITests.xctest */,
			);
			name = Products;
			sourceTree = "<group>";
		};
		3CD6185C2693C9D3001D808B /* Login */ = {
			isa = PBXGroup;
			children = (
				3CD6185D2693C9D3001D808B /* AppDelegate.swift */,
				3CD6185F2693C9D3001D808B /* SceneDelegate.swift */,
				3CD618612693C9D3001D808B /* ViewController.swift */,
				3CD618632693C9D3001D808B /* Main.storyboard */,
				3CD618692693C9D4001D808B /* Assets.xcassets */,
				3CD6186B2693C9D4001D808B /* LaunchScreen.storyboard */,
				3CD6186E2693C9D4001D808B /* Info.plist */,
				3CD618662693C9D3001D808B /* Login.xcdatamodeld */,
			);
			path = Login;
			sourceTree = "<group>";
		};
		3CD618762693C9D4001D808B /* LoginTests */ = {
			isa = PBXGroup;
			children = (
				3CD618772693C9D4001D808B /* LoginTests.swift */,
				3CD618792693C9D4001D808B /* Info.plist */,
			);
			path = LoginTests;
			sourceTree = "<group>";
		};
		3CD618812693C9D4001D808B /* LoginUITests */ = {
			isa = PBXGroup;
			children = (
				3CD618822693C9D4001D808B /* LoginUITests.swift */,
				3CD618842693C9D4001D808B /* Info.plist */,
			);
			path = LoginUITests;
			sourceTree = "<group>";
		};
/* End PBXGroup section */

/* Begin PBXNativeTarget section */
		3CD618592693C9D3001D808B /* Login */ = {
			isa = PBXNativeTarget;
			buildConfigurationList = 3CD618872693C9D4001D808B /* Build configuration list for PBXNativeTarget "Login" */;
			buildPhases = (
				3CD618562693C9D3001D808B /* Sources */,
				3CD618572693C9D3001D808B /* Frameworks */,
				3CD618582693C9D3001D808B /* Resources */,
			);
			buildRules = (
			);
			dependencies = (
			);
			name = Login;
			productName = Login;
			productReference = 3CD6185A2693C9D3001D808B /* Login.app */;
			productType = "com.apple.product-type.application";
		};
		3CD618722693C9D4001D808B /* LoginTests */ = {
			isa = PBXNativeTarget;
			buildConfigurationList = 3CD6188A2693C9D4001D808B /* Build configuration list for PBXNativeTarget "LoginTests" */;
			buildPhases = (
				3CD6186F2693C9D4001D808B /* Sources */,
				3CD618702693C9D4001D808B /* Frameworks */,
				3CD618712693C9D4001D808B /* Resources */,
			);
			buildRules = (
			);
			dependencies = (
				3CD618752693C9D4001D808B /* PBXTargetDependency */,
			);
			name = LoginTests;
			productName = LoginTests;
			productReference = 3CD618732693C9D4001D808B /* LoginTests.xctest */;
			productType = "com.apple.product-type.bundle.unit-test";
		};
		3CD6187D2693C9D4001D808B /* LoginUITests */ = {
			isa = PBXNativeTarget;
			buildConfigurationList = 3CD6188D2693C9D4001D808B /* Build configuration list for PBXNativeTarget "LoginUITests" */;
			buildPhases = (
				3CD6187A2693C9D4001D808B /* Sources */,
				3CD6187B2693C9D4001D808B /* Frameworks */,
				3CD6187C2693C9D4001D808B /* Resources */,
			);
			buildRules = (
			);
			dependencies = (
				3CD618802693C9D4001D808B /* PBXTargetDependency */,
			);
			name = LoginUITests;
			productName = LoginUITests;
			productReference = 3CD6187E2693C9D4001D808B /* LoginUITests.xctest */;
			productType = "com.apple.product-type.bundle.ui-testing";
		};
/* End PBXNativeTarget section */

/* Begin PBXProject section */
		3CD618522693C9D3001D808B /* Project object */ = {
			isa = PBXProject;
			attributes = {
				LastSwiftUpdateCheck = 1250;
				LastUpgradeCheck = 1250;
				TargetAttributes = {
					3CD618592693C9D3001D808B = {
						CreatedOnToolsVersion = 12.5;
					};
					3CD618722693C9D4001D808B = {
						CreatedOnToolsVersion = 12.5;
						TestTargetID = 3CD618592693C9D3001D808B;
					};
					3CD6187D2693C9D4001D808B = {
						CreatedOnToolsVersion = 12.5;
						TestTargetID = 3CD618592693C9D3001D808B;
					};
				};
			};
			buildConfigurationList = 3CD618552693C9D3001D808B /* Build configuration list for PBXProject "Login" */;
			compatibilityVersion = "Xcode 9.3";
			developmentRegion = en;
			hasScannedForEncodings = 0;
			knownRegions = (
				en,
				Base,
			);
			mainGroup = 3CD618512693C9D3001D808B;
			productRefGroup = 3CD6185B2693C9D3001D808B /* Products */;
			projectDirPath = "";
			projectRoot = "";
			targets = (
				3CD618592693C9D3001D808B /* Login */,
				3CD618722693C9D4001D808B /* LoginTests */,
				3CD6187D2693C9D4001D808B /* LoginUITests */,
			);
		};
/* End PBXProject section */

/* Begin PBXResourcesBuildPhase section */
		3CD618582693C9D3001D808B /* Resources */ = {
			isa = PBXResourcesBuildPhase;
			buildActionMask = 2147483647;
			files = (
				3CD6186D2693C9D4001D808B /* LaunchScreen.storyboard in Resources */,
				3CD6186A2693C9D4001D808B /* Assets.xcassets in Resources */,
				3CD618652693C9D3001D808B /* Main.storyboard in Resources */,
			);
			runOnlyForDeploymentPostprocessing = 0;
		};
		3CD618712693C9D4001D808B /* Resources */ = {
			isa = PBXResourcesBuildPhase;
			buildActionMask = 2147483647;
			files = (
			);
			runOnlyForDeploymentPostprocessing = 0;
		};
		3CD6187C2693C9D4001D808B /* Resources */ = {
			isa = PBXResourcesBuildPhase;
			buildActionMask = 2147483647;
			files = (
			);
			runOnlyForDeploymentPostprocessing = 0;
		};
/* End PBXResourcesBuildPhase section */

/* Begin PBXSourcesBuildPhase section */
		3CD618562693C9D3001D808B /* Sources */ = {
			isa = PBXSourcesBuildPhase;
			buildActionMask = 2147483647;
			files = (
				3CD618622693C9D3001D808B /* ViewController.swift in Sources */,
				3CD6185E2693C9D3001D808B /* AppDelegate.swift in Sources */,
				3CD618602693C9D3001D808B /* SceneDelegate.swift in Sources */,
				3CD618682693C9D3001D808B /* Login.xcdatamodeld in Sources */,
			);
			runOnlyForDeploymentPostprocessing = 0;
		};
		3CD6186F2693C9D4001D808B /* Sources */ = {
			isa = PBXSourcesBuildPhase;
			buildActionMask = 2147483647;
			files = (
				3CD618782693C9D4001D808B /* LoginTests.swift in Sources */,
			);
			runOnlyForDeploymentPostprocessing = 0;
		};
		3CD6187A2693C9D4001D808B /* Sources */ = {
			isa = PBXSourcesBuildPhase;
			buildActionMask = 2147483647;
			files = (
				3CD618832693C9D4001D808B /* LoginUITests.swift in Sources */,
			);
			runOnlyForDeploymentPostprocessing = 0;
		};
/* End PBXSourcesBuildPhase section */

/* Begin PBXTargetDependency section */
		3CD618752693C9D4001D808B /* PBXTargetDependency */ = {
			isa = PBXTargetDependency;
			target = 3CD618592693C9D3001D808B /* Login */;
			targetProxy = 3CD618742693C9D4001D808B /* PBXContainerItemProxy */;
		};
		3CD618802693C9D4001D808B /* PBXTargetDependency */ = {
			isa = PBXTargetDependency;
			target = 3CD618592693C9D3001D808B /* Login */;
			targetProxy = 3CD6187F2693C9D4001D808B /* PBXContainerItemProxy */;
		};
/* End PBXTargetDependency section */

/* Begin PBXVariantGroup section */
		3CD618632693C9D3001D808B /* Main.storyboard */ = {
			isa = PBXVariantGroup;
			children = (
				3CD618642693C9D3001D808B /* Base */,
			);
			name = Main.storyboard;
			sourceTree = "<group>";
		};
		3CD6186B2693C9D4001D808B /* LaunchScreen.storyboard */ = {
			isa = PBXVariantGroup;
			children = (
				3CD6186C2693C9D4001D808B /* Base */,
			);
			name = LaunchScreen.storyboard;
			sourceTree = "<group>";
		};
/* End PBXVariantGroup section */

/* Begin XCBuildConfiguration section */
		3CD618852693C9D4001D808B /* Debug */ = {
			isa = XCBuildConfiguration;
			buildSettings = {
				ALWAYS_SEARCH_USER_PATHS = NO;
				CLANG_ANALYZER_NONNULL = YES;
				CLANG_ANALYZER_NUMBER_OBJECT_CONVERSION = YES_AGGRESSIVE;
				CLANG_CXX_LANGUAGE_STANDARD = "gnu++14";
				CLANG_CXX_LIBRARY = "libc++";
				CLANG_ENABLE_MODULES = YES;
				CLANG_ENABLE_OBJC_ARC = YES;
				CLANG_ENABLE_OBJC_WEAK = YES;
				CLANG_WARN_BLOCK_CAPTURE_AUTORELEASING = YES;
				CLANG_WARN_BOOL_CONVERSION = YES;
				CLANG_WARN_COMMA = YES;
				CLANG_WARN_CONSTANT_CONVERSION = YES;
				CLANG_WARN_DEPRECATED_OBJC_IMPLEMENTATIONS = YES;
				CLANG_WARN_DIRECT_OBJC_ISA_USAGE = YES_ERROR;
				CLANG_WARN_DOCUMENTATION_COMMENTS = YES;
				CLANG_WARN_EMPTY_BODY = YES;
				CLANG_WARN_ENUM_CONVERSION = YES;
				CLANG_WARN_INFINITE_RECURSION = YES;
				CLANG_WARN_INT_CONVERSION = YES;
				CLANG_WARN_NON_LITERAL_NULL_CONVERSION = YES;
				CLANG_WARN_OBJC_IMPLICIT_RETAIN_SELF = YES;
				CLANG_WARN_OBJC_LITERAL_CONVERSION = YES;
				CLANG_WARN_OBJC_ROOT_CLASS = YES_ERROR;
				CLANG_WARN_QUOTED_INCLUDE_IN_FRAMEWORK_HEADER = YES;
				CLANG_WARN_RANGE_LOOP_ANALYSIS = YES;
				CLANG_WARN_STRICT_PROTOTYPES = YES;
				CLANG_WARN_SUSPICIOUS_MOVE = YES;
				CLANG_WARN_UNGUARDED_AVAILABILITY = YES_AGGRESSIVE;
				CLANG_WARN_UNREACHABLE_CODE = YES;
				CLANG_WARN__DUPLICATE_METHOD_MATCH = YES;
				COPY_PHASE_STRIP = NO;
				DEBUG_INFORMATION_FORMAT = dwarf;
				ENABLE_STRICT_OBJC_MSGSEND = YES;
				ENABLE_TESTABILITY = YES;
				GCC_C_LANGUAGE_STANDARD = gnu11;
				GCC_DYNAMIC_NO_PIC = NO;
				GCC_NO_COMMON_BLOCKS = YES;
				GCC_OPTIMIZATION_LEVEL = 0;
				GCC_PREPROCESSOR_DEFINITIONS = (
					"DEBUG=1",
					"$(inherited)",
				);
				GCC_WARN_64_TO_32_BIT_CONVERSION = YES;
				GCC_WARN_ABOUT_RETURN_TYPE = YES_ERROR;
				GCC_WARN_UNDECLARED_SELECTOR = YES;
				GCC_WARN_UNINITIALIZED_AUTOS = YES_AGGRESSIVE;
				GCC_WARN_UNUSED_FUNCTION = YES;
				GCC_WARN_UNUSED_VARIABLE = YES;
				IPHONEOS_DEPLOYMENT_TARGET = 14.5;
				MTL_ENABLE_DEBUG_INFO = INCLUDE_SOURCE;
				MTL_FAST_MATH = YES;
				ONLY_ACTIVE_ARCH = YES;
				SDKROOT = iphoneos;
				SWIFT_ACTIVE_COMPILATION_CONDITIONS = DEBUG;
				SWIFT_OPTIMIZATION_LEVEL = "-Onone";
			};
			name = Debug;
		};
		3CD618862693C9D4001D808B /* Release */ = {
			isa = XCBuildConfiguration;
			buildSettings = {
				ALWAYS_SEARCH_USER_PATHS = NO;
				CLANG_ANALYZER_NONNULL = YES;
				CLANG_ANALYZER_NUMBER_OBJECT_CONVERSION = YES_AGGRESSIVE;
				CLANG_CXX_LANGUAGE_STANDARD = "gnu++14";
				CLANG_CXX_LIBRARY = "libc++";
				CLANG_ENABLE_MODULES = YES;
				CLANG_ENABLE_OBJC_ARC = YES;
				CLANG_ENABLE_OBJC_WEAK = YES;
				CLANG_WARN_BLOCK_CAPTURE_AUTORELEASING = YES;
				CLANG_WARN_BOOL_CONVERSION = YES;
				CLANG_WARN_COMMA = YES;
				CLANG_WARN_CONSTANT_CONVERSION = YES;
				CLANG_WARN_DEPRECATED_OBJC_IMPLEMENTATIONS = YES;
				CLANG_WARN_DIRECT_OBJC_ISA_USAGE = YES_ERROR;
				CLANG_WARN_DOCUMENTATION_COMMENTS = YES;
				CLANG_WARN_EMPTY_BODY = YES;
				CLANG_WARN_ENUM_CONVERSION = YES;
				CLANG_WARN_INFINITE_RECURSION = YES;
				CLANG_WARN_INT_CONVERSION = YES;
				CLANG_WARN_NON_LITERAL_NULL_CONVERSION = YES;
				CLANG_WARN_OBJC_IMPLICIT_RETAIN_SELF = YES;
				CLANG_WARN_OBJC_LITERAL_CONVERSION = YES;
				CLANG_WARN_OBJC_ROOT_CLASS = YES_ERROR;
				CLANG_WARN_QUOTED_INCLUDE_IN_FRAMEWORK_HEADER = YES;
				CLANG_WARN_RANGE_LOOP_ANALYSIS = YES;
				CLANG_WARN_STRICT_PROTOTYPES = YES;
				CLANG_WARN_SUSPICIOUS_MOVE = YES;
				CLANG_WARN_UNGUARDED_AVAILABILITY = YES_AGGRESSIVE;
				CLANG_WARN_UNREACHABLE_CODE = YES;
				CLANG_WARN__DUPLICATE_METHOD_MATCH = YES;
				COPY_PHASE_STRIP = NO;
				DEBUG_INFORMATION_FORMAT = "dwarf-with-dsym";
				ENABLE_NS_ASSERTIONS = NO;
				ENABLE_STRICT_OBJC_MSGSEND = YES;
				GCC_C_LANGUAGE_STANDARD = gnu11;
				GCC_NO_COMMON_BLOCKS = YES;
				GCC_WARN_64_TO_32_BIT_CONVERSION = YES;
				GCC_WARN_ABOUT_RETURN_TYPE = YES_ERROR;
				GCC_WARN_UNDECLARED_SELECTOR = YES;
				GCC_WARN_UNINITIALIZED_AUTOS = YES_AGGRESSIVE;
				GCC_WARN_UNUSED_FUNCTION = YES;
				GCC_WARN_UNUSED_VARIABLE = YES;
				IPHONEOS_DEPLOYMENT_TARGET = 14.5;
				MTL_ENABLE_DEBUG_INFO = NO;
				MTL_FAST_MATH = YES;
				SDKROOT = iphoneos;
				SWIFT_COMPILATION_MODE = wholemodule;
				SWIFT_OPTIMIZATION_LEVEL = "-O";
				VALIDATE_PRODUCT = YES;
			};
			name = Release;
		};
		3CD618882693C9D4001D808B /* Debug */ = {
			isa = XCBuildConfiguration;
			buildSettings = {
				ASSETCATALOG_COMPILER_APPICON_NAME = AppIcon;
				ASSETCATALOG_COMPILER_GLOBAL_ACCENT_COLOR_NAME = AccentColor;
				CODE_SIGN_STYLE = Automatic;
				DEVELOPMENT_TEAM = 3XC9C6N3P4;
				INFOPLIST_FILE = Login/Info.plist;
				LD_RUNPATH_SEARCH_PATHS = (
					"$(inherited)",
					"@executable_path/Frameworks",
				);
				PRODUCT_BUNDLE_IDENTIFIER = sentilab.Login;
				PRODUCT_NAME = "$(TARGET_NAME)";
				SWIFT_VERSION = 5.0;
				TARGETED_DEVICE_FAMILY = "1,2";
			};
			name = Debug;
		};
		3CD618892693C9D4001D808B /* Release */ = {
			isa = XCBuildConfiguration;
			buildSettings = {
				ASSETCATALOG_COMPILER_APPICON_NAME = AppIcon;
				ASSETCATALOG_COMPILER_GLOBAL_ACCENT_COLOR_NAME = AccentColor;
				CODE_SIGN_STYLE = Automatic;
				DEVELOPMENT_TEAM = 3XC9C6N3P4;
				INFOPLIST_FILE = Login/Info.plist;
				LD_RUNPATH_SEARCH_PATHS = (
					"$(inherited)",
					"@executable_path/Frameworks",
				);
				PRODUCT_BUNDLE_IDENTIFIER = sentilab.Login;
				PRODUCT_NAME = "$(TARGET_NAME)";
				SWIFT_VERSION = 5.0;
				TARGETED_DEVICE_FAMILY = "1,2";
			};
			name = Release;
		};
		3CD6188B2693C9D4001D808B /* Debug */ = {
			isa = XCBuildConfiguration;
			buildSettings = {
				ALWAYS_EMBED_SWIFT_STANDARD_LIBRARIES = YES;
				BUNDLE_LOADER = "$(TEST_HOST)";
				CODE_SIGN_STYLE = Automatic;
				DEVELOPMENT_TEAM = 3XC9C6N3P4;
				INFOPLIST_FILE = LoginTests/Info.plist;
				IPHONEOS_DEPLOYMENT_TARGET = 14.5;
				LD_RUNPATH_SEARCH_PATHS = (
					"$(inherited)",
					"@executable_path/Frameworks",
					"@loader_path/Frameworks",
				);
				PRODUCT_BUNDLE_IDENTIFIER = sentilab.LoginTests;
				PRODUCT_NAME = "$(TARGET_NAME)";
				SWIFT_VERSION = 5.0;
				TARGETED_DEVICE_FAMILY = "1,2";
				TEST_HOST = "$(BUILT_PRODUCTS_DIR)/Login.app/Login";
			};
			name = Debug;
		};
		3CD6188C2693C9D4001D808B /* Release */ = {
			isa = XCBuildConfiguration;
			buildSettings = {
				ALWAYS_EMBED_SWIFT_STANDARD_LIBRARIES = YES;
				BUNDLE_LOADER = "$(TEST_HOST)";
				CODE_SIGN_STYLE = Automatic;
				DEVELOPMENT_TEAM = 3XC9C6N3P4;
				INFOPLIST_FILE = LoginTests/Info.plist;
				IPHONEOS_DEPLOYMENT_TARGET = 14.5;
				LD_RUNPATH_SEARCH_PATHS = (
					"$(inherited)",
					"@executable_path/Frameworks",
					"@loader_path/Frameworks",
				);
				PRODUCT_BUNDLE_IDENTIFIER = sentilab.LoginTests;
				PRODUCT_NAME = "$(TARGET_NAME)";
				SWIFT_VERSION = 5.0;
				TARGETED_DEVICE_FAMILY = "1,2";
				TEST_HOST = "$(BUILT_PRODUCTS_DIR)/Login.app/Login";
			};
			name = Release;
		};
		3CD6188E2693C9D4001D808B /* Debug */ = {
			isa = XCBuildConfiguration;
			buildSettings = {
				ALWAYS_EMBED_SWIFT_STANDARD_LIBRARIES = YES;
				CODE_SIGN_STYLE = Automatic;
				DEVELOPMENT_TEAM = 3XC9C6N3P4;
				INFOPLIST_FILE = LoginUITests/Info.plist;
				LD_RUNPATH_SEARCH_PATHS = (
					"$(inherited)",
					"@executable_path/Frameworks",
					"@loader_path/Frameworks",
				);
				PRODUCT_BUNDLE_IDENTIFIER = sentilab.LoginUITests;
				PRODUCT_NAME = "$(TARGET_NAME)";
				SWIFT_VERSION = 5.0;
				TARGETED_DEVICE_FAMILY = "1,2";
				TEST_TARGET_NAME = Login;
			};
			name = Debug;
		};
		3CD6188F2693C9D4001D808B /* Release */ = {
			isa = XCBuildConfiguration;
			buildSettings = {
				ALWAYS_EMBED_SWIFT_STANDARD_LIBRARIES = YES;
				CODE_SIGN_STYLE = Automatic;
				DEVELOPMENT_TEAM = 3XC9C6N3P4;
				INFOPLIST_FILE = LoginUITests/Info.plist;
				LD_RUNPATH_SEARCH_PATHS = (
					"$(inherited)",
					"@executable_path/Frameworks",
					"@loader_path/Frameworks",
				);
				PRODUCT_BUNDLE_IDENTIFIER = sentilab.LoginUITests;
				PRODUCT_NAME = "$(TARGET_NAME)";
				SWIFT_VERSION = 5.0;
				TARGETED_DEVICE_FAMILY = "1,2";
				TEST_TARGET_NAME = Login;
			};
			name = Release;
		};
/* End XCBuildConfiguration section */

/* Begin XCConfigurationList section */
		3CD618552693C9D3001D808B /* Build configuration list for PBXProject "Login" */ = {
			isa = XCConfigurationList;
			buildConfigurations = (
				3CD618852693C9D4001D808B /* Debug */,
				3CD618862693C9D4001D808B /* Release */,
			);
			defaultConfigurationIsVisible = 0;
			defaultConfigurationName = Release;
		};
		3CD618872693C9D4001D808B /* Build configuration list for PBXNativeTarget "Login" */ = {
			isa = XCConfigurationList;
			buildConfigurations = (
				3CD618882693C9D4001D808B /* Debug */,
				3CD618892693C9D4001D808B /* Release */,
			);
			defaultConfigurationIsVisible = 0;
			defaultConfigurationName = Release;
		};
		3CD6188A2693C9D4001D808B /* Build configuration list for PBXNativeTarget "LoginTests" */ = {
			isa = XCConfigurationList;
			buildConfigurations = (
				3CD6188B2693C9D4001D808B /* Debug */,
				3CD6188C2693C9D4001D808B /* Release */,
			);
			defaultConfigurationIsVisible = 0;
			defaultConfigurationName = Release;
		};
		3CD6188D2693C9D4001D808B /* Build configuration list for PBXNativeTarget "LoginUITests" */ = {
			isa = XCConfigurationList;
			buildConfigurations = (
				3CD6188E2693C9D4001D808B /* Debug */,
				3CD6188F2693C9D4001D808B /* Release */,
			);
			defaultConfigurationIsVisible = 0;
			defaultConfigurationName = Release;
		};
/* End XCConfigurationList section */

/* Begin XCVersionGroup section */
		3CD618662693C9D3001D808B /* Login.xcdatamodeld */ = {
			isa = XCVersionGroup;
			children = (
				3CD618672693C9D3001D808B /* Login.xcdatamodel */,
			);
			currentVersion = 3CD618672693C9D3001D808B /* Login.xcdatamodel */;
			path = Login.xcdatamodeld;
			sourceTree = "<group>";
			versionGroupType = wrapper.xcdatamodel;
		};
/* End XCVersionGroup section */
	};
	rootObject = 3CD618522693C9D3001D808B /* Project object */;
}
